
Microsoft Visual Studio Solution File, Format Version 12.00
# Visual Studio Version 16
VisualStudioVersion = 16.0.29123.88
MinimumVisualStudioVersion = 10.0.40219.1
Project("{FAE04EC0-301F-11D3-BF4B-00C04F79EFBC}") = "AnimalsAPI", "AnimalsAPI\AnimalsAPI.csproj", "{DAE0A8C9-5357-4EF8-B7AA-3667AB274877}"
EndProject
Project("{FAE04EC0-301F-11D3-BF4B-00C04F79EFBC}") = "TestAnimalsAPI", "TestAnimalsAPI\TestAnimalsAPI.csproj", "{BBE5A12D-765A-4F38-936C-6E4177034148}"
EndProject
Global
	GlobalSection(SolutionConfigurationPlatforms) = preSolution
		Debug|Any CPU = Debug|Any CPU
		Release|Any CPU = Release|Any CPU
	EndGlobalSection
	GlobalSection(ProjectConfigurationPlatforms) = postSolution
		{DAE0A8C9-5357-4EF8-B7AA-3667AB274877}.Debug|Any CPU.ActiveCfg = Debug|Any CPU
		{DAE0A8C9-5357-4EF8-B7AA-3667AB274877}.Debug|Any CPU.Build.0 = Debug|Any CPU
		{DAE0A8C9-5357-4EF8-B7AA-3667AB274877}.Release|Any CPU.ActiveCfg = Release|Any CPU
		{DAE0A8C9-5357-4EF8-B7AA-3667AB274877}.Release|Any CPU.Build.0 = Release|Any CPU
		{BBE5A12D-765A-4F38-936C-6E4177034148}.Debug|Any CPU.ActiveCfg = Debug|Any CPU
		{BBE5A12D-765A-4F38-936C-6E4177034148}.Debug|Any CPU.Build.0 = Debug|Any CPU
		{BBE5A12D-765A-4F38-936C-6E4177034148}.Release|Any CPU.ActiveCfg = Release|Any CPU
		{BBE5A12D-765A-4F38-936C-6E4177034148}.Release|Any CPU.Build.0 = Release|Any CPU
	EndGlobalSection
	GlobalSection(SolutionProperties) = preSolution
		HideSolutionNode = FALSE
	EndGlobalSection
	GlobalSection(ExtensibilityGlobals) = postSolution
		SolutionGuid = {FFC2AFDF-DA50-4404-9FB2-2DDF5283C16A}
	EndGlobalSection
EndGlobal
